<?xml version="1.0" encoding="utf-8"?>
<Project ToolsVersion="4.0" xmlns="http://schemas.microsoft.com/developer/msbuild/2003">
  <ItemGroup>
    <Filter Include="소스 파일">
      <UniqueIdentifier>{4FC737F1-C7A5-4376-A066-2A32D752A2FF}</UniqueIdentifier>
      <Extensions>cpp;c;cc;cxx;c++;def;odl;idl;hpj;bat;asm;asmx</Extensions>
    </Filter>
    <Filter Include="헤더 파일">
      <UniqueIdentifier>{93995380-89BD-4b04-88EB-625FBE52EBFB}</UniqueIdentifier>
      <Extensions>h;hh;hpp;hxx;h++;hm;inl;inc;ipp;xsd</Extensions>
    </Filter>
    <Filter Include="리소스 파일">
      <UniqueIdentifier>{67DA6AB6-F800-4c08-8B7A-83BB121AAD01}</UniqueIdentifier>
      <Extensions>rc;ico;cur;bmp;dlg;rc2;rct;bin;rgs;gif;jpg;jpeg;jpe;resx;tiff;tif;png;wav;mfcribbon-ms</Extensions>
    </Filter>
  </ItemGroup>
  <ItemGroup>
    <ClCompile Include="HelloWorld.cpp">
      <Filter>소스 파일</Filter>
    </ClCompile>
    <ClCompile Include="namespace.cpp">
      <Filter>소스 파일</Filter>
    </ClCompile>
    <ClCompile Include="casting.cpp">
      <Filter>소스 파일</Filter>
    </ClCompile>
    <ClCompile Include="variable.cpp">
      <Filter>소스 파일</Filter>
    </ClCompile>
    <ClCompile Include="staticvariable.cpp">
      <Filter>소스 파일</Filter>
    </ClCompile>
    <ClCompile Include="switchexample.cpp">
      <Filter>소스 파일</Filter>
    </ClCompile>
    <ClCompile Include="test01.cpp">
      <Filter>소스 파일</Filter>
    </ClCompile>
    <ClCompile Include="game01.cpp">
      <Filter>소스 파일</Filter>
    </ClCompile>
    <ClCompile Include="PointExam01.cpp">
      <Filter>소스 파일</Filter>
    </ClCompile>
    <ClCompile Include="PointExam02.cpp">
      <Filter>소스 파일</Filter>
    </ClCompile>
    <ClCompile Include="Array01.cpp">
      <Filter>소스 파일</Filter>
    </ClCompile>
    <ClCompile Include="Array02.cpp">
      <Filter>소스 파일</Filter>
    </ClCompile>
    <ClCompile Include="BaseBallGame.cpp">
      <Filter>소스 파일</Filter>
    </ClCompile>
    <ClCompile Include="BingoGame.cpp">
      <Filter>소스 파일</Filter>
    </ClCompile>
    <ClCompile Include="FunctionExam01c.cpp">
      <Filter>소스 파일</Filter>
    </ClCompile>
    <ClCompile Include="FunctionExam02.cpp">
      <Filter>소스 파일</Filter>
    </ClCompile>
    <ClCompile Include="InLineTest01.cpp">
      <Filter>소스 파일</Filter>
    </ClCompile>
    <ClCompile Include="stdFunction01.cpp">
      <Filter>소스 파일</Filter>
    </ClCompile>
    <ClCompile Include="CallFuncValue.cpp">
      <Filter>소스 파일</Filter>
    </ClCompile>
    <ClCompile Include="CallFuncPointer.cpp">
      <Filter>소스 파일</Filter>
    </ClCompile>
    <ClCompile Include="CallFuncReference.cpp">
      <Filter>소스 파일</Filter>
    </ClCompile>
    <ClCompile Include="OverLoading.cpp">
      <Filter>소스 파일</Filter>
    </ClCompile>
    <ClCompile Include="DefaultParam.cpp">
      <Filter>소스 파일</Filter>
    </ClCompile>
    <ClCompile Include="DefaultParam2.cpp">
      <Filter>소스 파일</Filter>
    </ClCompile>
    <ClCompile Include="DefaultParam3.cpp">
      <Filter>소스 파일</Filter>
    </ClCompile>
    <ClCompile Include="CalcTest.cpp">
      <Filter>소스 파일</Filter>
    </ClCompile>
    <ClCompile Include="OverloadFunc.cpp">
      <Filter>소스 파일</Filter>
    </ClCompile>
    <ClCompile Include="StructTest.cpp">
      <Filter>소스 파일</Filter>
    </ClCompile>
    <ClCompile Include="structProject.cpp">
      <Filter>소스 파일</Filter>
    </ClCompile>
    <ClCompile Include="응용예제.cpp">
      <Filter>소스 파일</Filter>
    </ClCompile>
    <ClCompile Include="오버로딩_예제.cpp">
      <Filter>소스 파일</Filter>
    </ClCompile>
    <ClCompile Include="ClassExam02.cpp">
      <Filter>소스 파일</Filter>
    </ClCompile>
    <ClCompile Include="ClassExam01.cpp">
      <Filter>소스 파일</Filter>
    </ClCompile>
    <ClCompile Include="Destructor.cpp">
      <Filter>소스 파일</Filter>
    </ClCompile>
    <ClCompile Include="Constructor04.cpp">
      <Filter>소스 파일</Filter>
    </ClCompile>
    <ClCompile Include="Constructor05.cpp">
      <Filter>소스 파일</Filter>
    </ClCompile>
    <ClCompile Include="Constructor06.cpp">
      <Filter>소스 파일</Filter>
    </ClCompile>
    <ClCompile Include="Constructor07.cpp">
      <Filter>소스 파일</Filter>
    </ClCompile>
    <ClCompile Include="Constructor08.cpp">
      <Filter>소스 파일</Filter>
    </ClCompile>
    <ClCompile Include="Constructor09.cpp">
      <Filter>소스 파일</Filter>
    </ClCompile>
    <ClCompile Include="Constructor10.cpp">
      <Filter>소스 파일</Filter>
    </ClCompile>
    <ClCompile Include="Constructor11.cpp">
      <Filter>소스 파일</Filter>
    </ClCompile>
    <ClCompile Include="AccessExam.cpp">
      <Filter>소스 파일</Filter>
    </ClCompile>
    <ClCompile Include="p.128_Staticvariable.cpp">
      <Filter>소스 파일</Filter>
    </ClCompile>
    <ClCompile Include="StaticFunc.cpp">
      <Filter>소스 파일</Filter>
    </ClCompile>
    <ClCompile Include="FuncConst.cpp">
      <Filter>소스 파일</Filter>
    </ClCompile>
    <ClCompile Include="NewObject.cpp">
      <Filter>소스 파일</Filter>
    </ClCompile>
    <ClCompile Include="SmartPointer.cpp">
      <Filter>소스 파일</Filter>
    </ClCompile>
    <ClCompile Include="SmartPointerArray.cpp">
      <Filter>소스 파일</Filter>
    </ClCompile>
    <ClCompile Include="DynObject01.cpp">
      <Filter>소스 파일</Filter>
    </ClCompile>
    <ClCompile Include="DynObject02.cpp">
      <Filter>소스 파일</Filter>
    </ClCompile>
    <ClCompile Include="AccessMember01.cpp">
      <Filter>소스 파일</Filter>
    </ClCompile>
    <ClCompile Include="AccessMember02.cpp">
      <Filter>소스 파일</Filter>
    </ClCompile>
    <ClCompile Include="ShallowCopy.cpp">
      <Filter>소스 파일</Filter>
    </ClCompile>
    <ClCompile Include="ThisPointer.cpp">
      <Filter>소스 파일</Filter>
    </ClCompile>
    <ClCompile Include="CopyConstructor4.cpp">
      <Filter>소스 파일</Filter>
    </ClCompile>
    <ClCompile Include="CopyConstructor3.cpp">
      <Filter>소스 파일</Filter>
    </ClCompile>
    <ClCompile Include="CopyConstructor2.cpp">
      <Filter>소스 파일</Filter>
    </ClCompile>
    <ClCompile Include="CopyConstructor.cpp">
      <Filter>소스 파일</Filter>
    </ClCompile>
    <ClCompile Include="DeepCopy.cpp">
      <Filter>소스 파일</Filter>
    </ClCompile>
    <ClCompile Include="OperatorExam01.cpp">
      <Filter>소스 파일</Filter>
    </ClCompile>
    <ClCompile Include="OperatorExam02.cpp">
      <Filter>소스 파일</Filter>
    </ClCompile>
    <ClCompile Include="ClassTest01.cpp">
      <Filter>소스 파일</Filter>
    </ClCompile>
    <ClCompile Include="ClassTest04.cpp">
      <Filter>소스 파일</Filter>
    </ClCompile>
    <ClCompile Include="ClassTest03.cpp">
      <Filter>소스 파일</Filter>
    </ClCompile>
    <ClCompile Include="ClassTest02.cpp">
      <Filter>소스 파일</Filter>
    </ClCompile>
    <ClCompile Include="ClassTest02_T.cpp">
      <Filter>소스 파일</Filter>
    </ClCompile>
    <ClCompile Include="SelfRefTest.cpp">
      <Filter>소스 파일</Filter>
    </ClCompile>
    <ClCompile Include="OperatOverloading.cpp">
      <Filter>소스 파일</Filter>
    </ClCompile>
    <ClCompile Include="OperatOverloading2.cpp">
      <Filter>소스 파일</Filter>
    </ClCompile>
    <ClCompile Include="suhang2104_1.cpp">
      <Filter>소스 파일</Filter>
    </ClCompile>
    <ClCompile Include="suhang2104_2.cpp">
      <Filter>소스 파일</Filter>
    </ClCompile>
    <ClCompile Include="suhang2104_3.cpp">
      <Filter>소스 파일</Filter>
    </ClCompile>
    <ClCompile Include="suhang2104_4.cpp">
      <Filter>소스 파일</Filter>
    </ClCompile>
    <ClCompile Include="suhang2104_5.cpp">
      <Filter>소스 파일</Filter>
    </ClCompile>
    <ClCompile Include="suhang2104_6.cpp">
      <Filter>소스 파일</Filter>
    </ClCompile>
    <ClCompile Include="Inheritance06.cpp">
      <Filter>소스 파일</Filter>
    </ClCompile>
    <ClCompile Include="Inheritance05.cpp">
      <Filter>소스 파일</Filter>
    </ClCompile>
    <ClCompile Include="Inheritance04.cpp">
      <Filter>소스 파일</Filter>
    </ClCompile>
    <ClCompile Include="Inheritance02.cpp">
      <Filter>소스 파일</Filter>
    </ClCompile>
    <ClCompile Include="Inheritance01.cpp">
      <Filter>소스 파일</Filter>
    </ClCompile>
    <ClCompile Include="Inheritance07.cpp">
      <Filter>소스 파일</Filter>
    </ClCompile>
    <ClCompile Include="delegate.cpp">
      <Filter>소스 파일</Filter>
    </ClCompile>
    <ClCompile Include="friendExam01.cpp">
      <Filter>소스 파일</Filter>
    </ClCompile>
    <ClCompile Include="friendExam02.cpp">
      <Filter>소스 파일</Filter>
    </ClCompile>
    <ClCompile Include="friendExam03.cpp">
      <Filter>소스 파일</Filter>
    </ClCompile>
    <ClCompile Include="Polymorphism01.cpp">
      <Filter>소스 파일</Filter>
    </ClCompile>
    <ClCompile Include="Polymorphism03.cpp">
      <Filter>소스 파일</Filter>
    </ClCompile>
    <ClCompile Include="Polymorphism04.cpp">
      <Filter>소스 파일</Filter>
    </ClCompile>
    <ClCompile Include="VirtualDestory.cpp">
      <Filter>소스 파일</Filter>
    </ClCompile>
    <ClCompile Include="PureVirtual.cpp">
      <Filter>소스 파일</Filter>
    </ClCompile>
    <ClCompile Include="InterfaceExam.cpp">
      <Filter>소스 파일</Filter>
    </ClCompile>
    <ClCompile Include="FileExam01.cpp">
      <Filter>소스 파일</Filter>
    </ClCompile>
    <ClCompile Include="FileExam02.cpp">
      <Filter>소스 파일</Filter>
    </ClCompile>
    <ClCompile Include="FileExam03.cpp">
      <Filter>소스 파일</Filter>
    </ClCompile>
    <ClCompile Include="FileExam04.cpp">
      <Filter>소스 파일</Filter>
    </ClCompile>
    <ClCompile Include="FileExam05.cpp">
      <Filter>소스 파일</Filter>
    </ClCompile>
    <ClCompile Include="FileExam06.cpp">
      <Filter>소스 파일</Filter>
    </ClCompile>
    <ClCompile Include="FileExam07.cpp">
      <Filter>소스 파일</Filter>
    </ClCompile>
    <ClCompile Include="FileBinary08.cpp">
      <Filter>소스 파일</Filter>
    </ClCompile>
    <ClCompile Include="FileBinary09.cpp">
      <Filter>소스 파일</Filter>
    </ClCompile>
    <ClCompile Include="FileBinary10.cpp">
      <Filter>소스 파일</Filter>
    </ClCompile>
    <ClCompile Include="Exception01.cpp">
      <Filter>소스 파일</Filter>
    </ClCompile>
    <ClCompile Include="Exception02.cpp">
      <Filter>소스 파일</Filter>
    </ClCompile>
    <ClCompile Include="Exception03.cpp">
      <Filter>소스 파일</Filter>
    </ClCompile>
    <ClCompile Include="Exception04.cpp">
      <Filter>소스 파일</Filter>
    </ClCompile>
    <ClCompile Include="Exception05.cpp">
      <Filter>소스 파일</Filter>
    </ClCompile>
    <ClCompile Include="Exception06.cpp">
      <Filter>소스 파일</Filter>
    </ClCompile>
    <ClCompile Include="TemplateExam01.cpp">
      <Filter>소스 파일</Filter>
    </ClCompile>
    <ClCompile Include="TemplateExam02.cpp">
      <Filter>소스 파일</Filter>
    </ClCompile>
    <ClCompile Include="TemplateExam03.cpp">
      <Filter>소스 파일</Filter>
    </ClCompile>
    <ClCompile Include="TemplateExam04.cpp">
      <Filter>소스 파일</Filter>
    </ClCompile>
    <ClCompile Include="TemplateExam05.cpp">
      <Filter>소스 파일</Filter>
    </ClCompile>
    <ClCompile Include="ClassTemplate01.cpp">
      <Filter>소스 파일</Filter>
    </ClCompile>
    <ClCompile Include="ClassTemplate02.cpp">
      <Filter>소스 파일</Filter>
    </ClCompile>
    <ClCompile Include="ClassTemplate03.cpp">
      <Filter>소스 파일</Filter>
    </ClCompile>
    <ClCompile Include="ClassTemplate04.cpp">
      <Filter>소스 파일</Filter>
    </ClCompile>
    <ClCompile Include="VectorExam01.cpp">
      <Filter>소스 파일</Filter>
    </ClCompile>
    <ClCompile Include="VectorExam02.cpp">
      <Filter>소스 파일</Filter>
    </ClCompile>
    <ClCompile Include="VectorExam03.cpp">
      <Filter>소스 파일</Filter>
    </ClCompile>
    <ClCompile Include="VectorExam04.cpp">
      <Filter>소스 파일</Filter>
    </ClCompile>
    <ClCompile Include="VectorExam05.cpp">
      <Filter>소스 파일</Filter>
    </ClCompile>
    <ClCompile Include="MapExam01.cpp">
      <Filter>소스 파일</Filter>
    </ClCompile>
    <ClCompile Include="MapExam02.cpp">
      <Filter>소스 파일</Filter>
    </ClCompile>
    <ClCompile Include="MapExam03.cpp">
      <Filter>소스 파일</Filter>
    </ClCompile>
    <ClCompile Include="MapExam04.cpp">
      <Filter>소스 파일</Filter>
    </ClCompile>
  </ItemGroup>
  <ItemGroup>
    <None Include="Polymorphism02.cpp">
      <Filter>소스 파일</Filter>
    </None>
  </ItemGroup>
</Project>